{
  "originHash" : "d64f294d6f350f50b6f9066da12c4b2603ae487b73f5e2e8a00d26e06fab3dab",
  "pins" : [
    {
      "identity" : "fluidaudio",
      "kind" : "remoteSourceControl",
      "location" : "https://github.com/FluidInference/FluidAudio.git",
      "state" : {
        "branch" : "main",
        "revision" : "892da4f9a9815b812554d6801a1faae1a60b20c0"
      }
    },
    {
      "identity" : "hotkey",
      "kind" : "remoteSourceControl",
      "location" : "https://github.com/soffes/HotKey",
      "state" : {
        "branch" : "main",
        "revision" : "a3cf605d7a96f6ff50e04fcb6dea6e2613cfcbe4"
      }
    }
  ],
  "version" : 3
}
