// !$*UTF8*$!
{
	archiveVersion = 1;
	classes = {
	};
	objectVersion = 77;
	objects = {

/* Begin PBXBuildFile section */
		27222B552E1BDF520002C713 /* HotKey in Frameworks */ = {isa = PBXBuildFile; productRef = 27222B542E1BDF520002C713 /* HotKey */; };
/* End PBXBuildFile section */

/* Begin PBXContainerItemProxy section */
		273BB19A2E1BCEFD002A75C4 /* PBXContainerItemProxy */ = {
			isa = PBXContainerItemProxy;
			containerPortal = 273BB1812E1BCEFB002A75C4 /* Project object */;
			proxyType = 1;
			remoteGlobalIDString = 273BB1882E1BCEFB002A75C4;
			remoteInfo = nitpicker;
		};
		273BB1A42E1BCEFD002A75C4 /* PBXContainerItemProxy */ = {
			isa = PBXContainerItemProxy;
			containerPortal = 273BB1812E1BCEFB002A75C4 /* Project object */;
			proxyType = 1;
			remoteGlobalIDString = 273BB1882E1BCEFB002A75C4;
			remoteInfo = nitpicker;
		};
/* End PBXContainerItemProxy section */

/* Begin PBXFileReference section */
		273BB1892E1BCEFB002A75C4 /* nitpicker.app */ = {isa = PBXFileReference; explicitFileType = wrapper.application; includeInIndex = 0; path = nitpicker.app; sourceTree = BUILT_PRODUCTS_DIR; };
		273BB1992E1BCEFD002A75C4 /* nitpickerTests.xctest */ = {isa = PBXFileReference; explicitFileType = wrapper.cfbundle; includeInIndex = 0; path = nitpickerTests.xctest; sourceTree = BUILT_PRODUCTS_DIR; };
		273BB1A32E1BCEFD002A75C4 /* nitpickerUITests.xctest */ = {isa = PBXFileReference; explicitFileType = wrapper.cfbundle; includeInIndex = 0; path = nitpickerUITests.xctest; sourceTree = BUILT_PRODUCTS_DIR; };
/* End PBXFileReference section */

/* Begin PBXFileSystemSynchronizedRootGroup section */
		273BB18B2E1BCEFB002A75C4 /* nitpicker */ = {
			isa = PBXFileSystemSynchronizedRootGroup;
			path = nitpicker;
			sourceTree = "<group>";
		};
		273BB19C2E1BCEFD002A75C4 /* nitpickerTests */ = {
			isa = PBXFileSystemSynchronizedRootGroup;
			path = nitpickerTests;
			sourceTree = "<group>";
		};
		273BB1A62E1BCEFD002A75C4 /* nitpickerUITests */ = {
			isa = PBXFileSystemSynchronizedRootGroup;
			path = nitpickerUITests;
			sourceTree = "<group>";
		};
/* End PBXFileSystemSynchronizedRootGroup section */

/* Begin PBXFrameworksBuildPhase section */
		273BB1862E1BCEFB002A75C4 /* Frameworks */ = {
			isa = PBXFrameworksBuildPhase;
			buildActionMask = 2147483647;
			files = (
				27222B552E1BDF520002C713 /* HotKey in Frameworks */,
			);
			runOnlyForDeploymentPostprocessing = 0;
		};
		273BB1962E1BCEFD002A75C4 /* Frameworks */ = {
			isa = PBXFrameworksBuildPhase;
			buildActionMask = 2147483647;
			files = (
			);
			runOnlyForDeploymentPostprocessing = 0;
		};
		273BB1A02E1BCEFD002A75C4 /* Frameworks */ = {
			isa = PBXFrameworksBuildPhase;
			buildActionMask = 2147483647;
			files = (
			);
			runOnlyForDeploymentPostprocessing = 0;
		};
/* End PBXFrameworksBuildPhase section */

/* Begin PBXGroup section */
		273BB1802E1BCEFB002A75C4 = {
			isa = PBXGroup;
			children = (
				273BB18B2E1BCEFB002A75C4 /* nitpicker */,
				273BB19C2E1BCEFD002A75C4 /* nitpickerTests */,
				273BB1A62E1BCEFD002A75C4 /* nitpickerUITests */,
				273BB18A2E1BCEFB002A75C4 /* Products */,
			);
			sourceTree = "<group>";
		};
		273BB18A2E1BCEFB002A75C4 /* Products */ = {
			isa = PBXGroup;
			children = (
				273BB1892E1BCEFB002A75C4 /* nitpicker.app */,
				273BB1992E1BCEFD002A75C4 /* nitpickerTests.xctest */,
				273BB1A32E1BCEFD002A75C4 /* nitpickerUITests.xctest */,
			);
			name = Products;
			sourceTree = "<group>";
		};
/* End PBXGroup section */

/* Begin PBXNativeTarget section */
		273BB1882E1BCEFB002A75C4 /* nitpicker */ = {
			isa = PBXNativeTarget;
			buildConfigurationList = 273BB1AD2E1BCEFD002A75C4 /* Build configuration list for PBXNativeTarget "nitpicker" */;
			buildPhases = (
				273BB1852E1BCEFB002A75C4 /* Sources */,
				273BB1862E1BCEFB002A75C4 /* Frameworks */,
				273BB1872E1BCEFB002A75C4 /* Resources */,
			);
			buildRules = (
			);
			dependencies = (
			);
			fileSystemSynchronizedGroups = (
				273BB18B2E1BCEFB002A75C4 /* nitpicker */,
			);
			name = nitpicker;
			packageProductDependencies = (
				27222B542E1BDF520002C713 /* HotKey */,
			);
			productName = nitpicker;
			productReference = 273BB1892E1BCEFB002A75C4 /* nitpicker.app */;
			productType = "com.apple.product-type.application";
		};
		273BB1982E1BCEFD002A75C4 /* nitpickerTests */ = {
			isa = PBXNativeTarget;
			buildConfigurationList = 273BB1B02E1BCEFD002A75C4 /* Build configuration list for PBXNativeTarget "nitpickerTests" */;
			buildPhases = (
				273BB1952E1BCEFD002A75C4 /* Sources */,
				273BB1962E1BCEFD002A75C4 /* Frameworks */,
				273BB1972E1BCEFD002A75C4 /* Resources */,
			);
			buildRules = (
			);
			dependencies = (
				273BB19B2E1BCEFD002A75C4 /* PBXTargetDependency */,
			);
			fileSystemSynchronizedGroups = (
				273BB19C2E1BCEFD002A75C4 /* nitpickerTests */,
			);
			name = nitpickerTests;
			packageProductDependencies = (
			);
			productName = nitpickerTests;
			productReference = 273BB1992E1BCEFD002A75C4 /* nitpickerTests.xctest */;
			productType = "com.apple.product-type.bundle.unit-test";
		};
		273BB1A22E1BCEFD002A75C4 /* nitpickerUITests */ = {
			isa = PBXNativeTarget;
			buildConfigurationList = 273BB1B32E1BCEFD002A75C4 /* Build configuration list for PBXNativeTarget "nitpickerUITests" */;
			buildPhases = (
				273BB19F2E1BCEFD002A75C4 /* Sources */,
				273BB1A02E1BCEFD002A75C4 /* Frameworks */,
				273BB1A12E1BCEFD002A75C4 /* Resources */,
			);
			buildRules = (
			);
			dependencies = (
				273BB1A52E1BCEFD002A75C4 /* PBXTargetDependency */,
			);
			fileSystemSynchronizedGroups = (
				273BB1A62E1BCEFD002A75C4 /* nitpickerUITests */,
			);
			name = nitpickerUITests;
			packageProductDependencies = (
			);
			productName = nitpickerUITests;
			productReference = 273BB1A32E1BCEFD002A75C4 /* nitpickerUITests.xctest */;
			productType = "com.apple.product-type.bundle.ui-testing";
		};
/* End PBXNativeTarget section */

/* Begin PBXProject section */
		273BB1812E1BCEFB002A75C4 /* Project object */ = {
			isa = PBXProject;
			attributes = {
				BuildIndependentTargetsInParallel = 1;
				LastSwiftUpdateCheck = 1640;
				LastUpgradeCheck = 1640;
				TargetAttributes = {
					273BB1882E1BCEFB002A75C4 = {
						CreatedOnToolsVersion = 16.4;
					};
					273BB1982E1BCEFD002A75C4 = {
						CreatedOnToolsVersion = 16.4;
						TestTargetID = 273BB1882E1BCEFB002A75C4;
					};
					273BB1A22E1BCEFD002A75C4 = {
						CreatedOnToolsVersion = 16.4;
						TestTargetID = 273BB1882E1BCEFB002A75C4;
					};
				};
			};
			buildConfigurationList = 273BB1842E1BCEFB002A75C4 /* Build configuration list for PBXProject "nitpicker" */;
			developmentRegion = en;
			hasScannedForEncodings = 0;
			knownRegions = (
				en,
				Base,
			);
			mainGroup = 273BB1802E1BCEFB002A75C4;
			minimizedProjectReferenceProxies = 1;
			packageReferences = (
				27222B532E1BDF520002C713 /* XCRemoteSwiftPackageReference "HotKey" */,
			);
			preferredProjectObjectVersion = 77;
			productRefGroup = 273BB18A2E1BCEFB002A75C4 /* Products */;
			projectDirPath = "";
			projectRoot = "";
			targets = (
				273BB1882E1BCEFB002A75C4 /* nitpicker */,
				273BB1982E1BCEFD002A75C4 /* nitpickerTests */,
				273BB1A22E1BCEFD002A75C4 /* nitpickerUITests */,
			);
		};
/* End PBXProject section */

/* Begin PBXResourcesBuildPhase section */
		273BB1872E1BCEFB002A75C4 /* Resources */ = {
			isa = PBXResourcesBuildPhase;
			buildActionMask = 2147483647;
			files = (
			);
			runOnlyForDeploymentPostprocessing = 0;
		};
		273BB1972E1BCEFD002A75C4 /* Resources */ = {
			isa = PBXResourcesBuildPhase;
			buildActionMask = 2147483647;
			files = (
			);
			runOnlyForDeploymentPostprocessing = 0;
		};
		273BB1A12E1BCEFD002A75C4 /* Resources */ = {
			isa = PBXResourcesBuildPhase;
			buildActionMask = 2147483647;
			files = (
			);
			runOnlyForDeploymentPostprocessing = 0;
		};
/* End PBXResourcesBuildPhase section */

/* Begin PBXSourcesBuildPhase section */
		273BB1852E1BCEFB002A75C4 /* Sources */ = {
			isa = PBXSourcesBuildPhase;
			buildActionMask = 2147483647;
			files = (
			);
			runOnlyForDeploymentPostprocessing = 0;
		};
		273BB1952E1BCEFD002A75C4 /* Sources */ = {
			isa = PBXSourcesBuildPhase;
			buildActionMask = 2147483647;
			files = (
			);
			runOnlyForDeploymentPostprocessing = 0;
		};
		273BB19F2E1BCEFD002A75C4 /* Sources */ = {
			isa = PBXSourcesBuildPhase;
			buildActionMask = 2147483647;
			files = (
			);
			runOnlyForDeploymentPostprocessing = 0;
		};
/* End PBXSourcesBuildPhase section */

/* Begin PBXTargetDependency section */
		273BB19B2E1BCEFD002A75C4 /* PBXTargetDependency */ = {
			isa = PBXTargetDependency;
			target = 273BB1882E1BCEFB002A75C4 /* nitpicker */;
			targetProxy = 273BB19A2E1BCEFD002A75C4 /* PBXContainerItemProxy */;
		};
		273BB1A52E1BCEFD002A75C4 /* PBXTargetDependency */ = {
			isa = PBXTargetDependency;
			target = 273BB1882E1BCEFB002A75C4 /* nitpicker */;
			targetProxy = 273BB1A42E1BCEFD002A75C4 /* PBXContainerItemProxy */;
		};
/* End PBXTargetDependency section */

/* Begin XCBuildConfiguration section */
		273BB1AB2E1BCEFD002A75C4 /* Debug */ = {
			isa = XCBuildConfiguration;
			buildSettings = {
				ALWAYS_SEARCH_USER_PATHS = NO;
				ASSETCATALOG_COMPILER_GENERATE_SWIFT_ASSET_SYMBOL_EXTENSIONS = YES;
				CLANG_ANALYZER_NONNULL = YES;
				CLANG_ANALYZER_NUMBER_OBJECT_CONVERSION = YES_AGGRESSIVE;
				CLANG_CXX_LANGUAGE_STANDARD = "gnu++20";
				CLANG_ENABLE_MODULES = YES;
				CLANG_ENABLE_OBJC_ARC = YES;
				CLANG_ENABLE_OBJC_WEAK = YES;
				CLANG_WARN_BLOCK_CAPTURE_AUTORELEASING = YES;
				CLANG_WARN_BOOL_CONVERSION = YES;
				CLANG_WARN_COMMA = YES;
				CLANG_WARN_CONSTANT_CONVERSION = YES;
				CLANG_WARN_DEPRECATED_OBJC_IMPLEMENTATIONS = YES;
				CLANG_WARN_DIRECT_OBJC_ISA_USAGE = YES_ERROR;
				CLANG_WARN_DOCUMENTATION_COMMENTS = YES;
				CLANG_WARN_EMPTY_BODY = YES;
				CLANG_WARN_ENUM_CONVERSION = YES;
				CLANG_WARN_INFINITE_RECURSION = YES;
				CLANG_WARN_INT_CONVERSION = YES;
				CLANG_WARN_NON_LITERAL_NULL_CONVERSION = YES;
				CLANG_WARN_OBJC_IMPLICIT_RETAIN_SELF = YES;
				CLANG_WARN_OBJC_LITERAL_CONVERSION = YES;
				CLANG_WARN_OBJC_ROOT_CLASS = YES_ERROR;
				CLANG_WARN_QUOTED_INCLUDE_IN_FRAMEWORK_HEADER = YES;
				CLANG_WARN_RANGE_LOOP_ANALYSIS = YES;
				CLANG_WARN_STRICT_PROTOTYPES = YES;
				CLANG_WARN_SUSPICIOUS_MOVE = YES;
				CLANG_WARN_UNGUARDED_AVAILABILITY = YES_AGGRESSIVE;
				CLANG_WARN_UNREACHABLE_CODE = YES;
				CLANG_WARN__DUPLICATE_METHOD_MATCH = YES;
				COPY_PHASE_STRIP = NO;
				DEBUG_INFORMATION_FORMAT = dwarf;
				DEVELOPMENT_TEAM = KJADT2QFXN;
				ENABLE_STRICT_OBJC_MSGSEND = YES;
				ENABLE_TESTABILITY = YES;
				ENABLE_USER_SCRIPT_SANDBOXING = YES;
				GCC_C_LANGUAGE_STANDARD = gnu17;
				GCC_DYNAMIC_NO_PIC = NO;
				GCC_NO_COMMON_BLOCKS = YES;
				GCC_OPTIMIZATION_LEVEL = 0;
				GCC_PREPROCESSOR_DEFINITIONS = (
					"DEBUG=1",
					"$(inherited)",
				);
				GCC_WARN_64_TO_32_BIT_CONVERSION = YES;
				GCC_WARN_ABOUT_RETURN_TYPE = YES_ERROR;
				GCC_WARN_UNDECLARED_SELECTOR = YES;
				GCC_WARN_UNINITIALIZED_AUTOS = YES_AGGRESSIVE;
				GCC_WARN_UNUSED_FUNCTION = YES;
				GCC_WARN_UNUSED_VARIABLE = YES;
				LOCALIZATION_PREFERS_STRING_CATALOGS = YES;
				MACOSX_DEPLOYMENT_TARGET = 15.5;
				MTL_ENABLE_DEBUG_INFO = INCLUDE_SOURCE;
				MTL_FAST_MATH = YES;
				ONLY_ACTIVE_ARCH = YES;
				SDKROOT = macosx;
				SWIFT_ACTIVE_COMPILATION_CONDITIONS = "DEBUG $(inherited)";
				SWIFT_OPTIMIZATION_LEVEL = "-Onone";
			};
			name = Debug;
		};
		273BB1AC2E1BCEFD002A75C4 /* Release */ = {
			isa = XCBuildConfiguration;
			buildSettings = {
				ALWAYS_SEARCH_USER_PATHS = NO;
				ASSETCATALOG_COMPILER_GENERATE_SWIFT_ASSET_SYMBOL_EXTENSIONS = YES;
				CLANG_ANALYZER_NONNULL = YES;
				CLANG_ANALYZER_NUMBER_OBJECT_CONVERSION = YES_AGGRESSIVE;
				CLANG_CXX_LANGUAGE_STANDARD = "gnu++20";
				CLANG_ENABLE_MODULES = YES;
				CLANG_ENABLE_OBJC_ARC = YES;
				CLANG_ENABLE_OBJC_WEAK = YES;
				CLANG_WARN_BLOCK_CAPTURE_AUTORELEASING = YES;
				CLANG_WARN_BOOL_CONVERSION = YES;
				CLANG_WARN_COMMA = YES;
				CLANG_WARN_CONSTANT_CONVERSION = YES;
				CLANG_WARN_DEPRECATED_OBJC_IMPLEMENTATIONS = YES;
				CLANG_WARN_DIRECT_OBJC_ISA_USAGE = YES_ERROR;
				CLANG_WARN_DOCUMENTATION_COMMENTS = YES;
				CLANG_WARN_EMPTY_BODY = YES;
				CLANG_WARN_ENUM_CONVERSION = YES;
				CLANG_WARN_INFINITE_RECURSION = YES;
				CLANG_WARN_INT_CONVERSION = YES;
				CLANG_WARN_NON_LITERAL_NULL_CONVERSION = YES;
				CLANG_WARN_OBJC_IMPLICIT_RETAIN_SELF = YES;
				CLANG_WARN_OBJC_LITERAL_CONVERSION = YES;
				CLANG_WARN_OBJC_ROOT_CLASS = YES_ERROR;
				CLANG_WARN_QUOTED_INCLUDE_IN_FRAMEWORK_HEADER = YES;
				CLANG_WARN_RANGE_LOOP_ANALYSIS = YES;
				CLANG_WARN_STRICT_PROTOTYPES = YES;
				CLANG_WARN_SUSPICIOUS_MOVE = YES;
				CLANG_WARN_UNGUARDED_AVAILABILITY = YES_AGGRESSIVE;
				CLANG_WARN_UNREACHABLE_CODE = YES;
				CLANG_WARN__DUPLICATE_METHOD_MATCH = YES;
				COPY_PHASE_STRIP = NO;
				DEBUG_INFORMATION_FORMAT = "dwarf-with-dsym";
				DEVELOPMENT_TEAM = KJADT2QFXN;
				ENABLE_NS_ASSERTIONS = NO;
				ENABLE_STRICT_OBJC_MSGSEND = YES;
				ENABLE_USER_SCRIPT_SANDBOXING = YES;
				GCC_C_LANGUAGE_STANDARD = gnu17;
				GCC_NO_COMMON_BLOCKS = YES;
				GCC_WARN_64_TO_32_BIT_CONVERSION = YES;
				GCC_WARN_ABOUT_RETURN_TYPE = YES_ERROR;
				GCC_WARN_UNDECLARED_SELECTOR = YES;
				GCC_WARN_UNINITIALIZED_AUTOS = YES_AGGRESSIVE;
				GCC_WARN_UNUSED_FUNCTION = YES;
				GCC_WARN_UNUSED_VARIABLE = YES;
				LOCALIZATION_PREFERS_STRING_CATALOGS = YES;
				MACOSX_DEPLOYMENT_TARGET = 15.5;
				MTL_ENABLE_DEBUG_INFO = NO;
				MTL_FAST_MATH = YES;
				SDKROOT = macosx;
				SWIFT_COMPILATION_MODE = wholemodule;
			};
			name = Release;
		};
		273BB1AE2E1BCEFD002A75C4 /* Debug */ = {
			isa = XCBuildConfiguration;
			buildSettings = {
				ASSETCATALOG_COMPILER_APPICON_NAME = AppIcon;
				ASSETCATALOG_COMPILER_GLOBAL_ACCENT_COLOR_NAME = AccentColor;
				CODE_SIGN_ENTITLEMENTS = nitpicker/nitpicker.entitlements;
				"CODE_SIGN_IDENTITY[sdk=macosx*]" = "Apple Development";
				CODE_SIGN_STYLE = Automatic;
				COMBINE_HIDPI_IMAGES = YES;
				CURRENT_PROJECT_VERSION = 1;
				DEVELOPMENT_TEAM = L3V2465X79;
				ENABLE_HARDENED_RUNTIME = YES;
				ENABLE_PREVIEWS = YES;
				GENERATE_INFOPLIST_FILE = YES;
				INFOPLIST_KEY_NSHumanReadableCopyright = "";
				LD_RUNPATH_SEARCH_PATHS = (
					"$(inherited)",
					"@executable_path/../Frameworks",
				);
				MACOSX_DEPLOYMENT_TARGET = 13.5;
				MARKETING_VERSION = 1.1;
				PRODUCT_BUNDLE_IDENTIFIER = com.vishnu.nitpicker;
				PRODUCT_NAME = "$(TARGET_NAME)";
				REGISTER_APP_GROUPS = YES;
				SWIFT_EMIT_LOC_STRINGS = YES;
				SWIFT_VERSION = 5.0;
			};
			name = Debug;
		};
		273BB1AF2E1BCEFD002A75C4 /* Release */ = {
			isa = XCBuildConfiguration;
			buildSettings = {
				ASSETCATALOG_COMPILER_APPICON_NAME = AppIcon;
				ASSETCATALOG_COMPILER_GLOBAL_ACCENT_COLOR_NAME = AccentColor;
				CODE_SIGN_ENTITLEMENTS = nitpicker/nitpicker.entitlements;
				"CODE_SIGN_IDENTITY[sdk=macosx*]" = "Apple Development";
				CODE_SIGN_STYLE = Automatic;
				COMBINE_HIDPI_IMAGES = YES;
				CURRENT_PROJECT_VERSION = 1;
				DEVELOPMENT_TEAM = L3V2465X79;
				ENABLE_HARDENED_RUNTIME = YES;
				ENABLE_PREVIEWS = YES;
				GENERATE_INFOPLIST_FILE = YES;
				INFOPLIST_KEY_NSHumanReadableCopyright = "";
				LD_RUNPATH_SEARCH_PATHS = (
					"$(inherited)",
					"@executable_path/../Frameworks",
				);
				MACOSX_DEPLOYMENT_TARGET = 13.5;
				MARKETING_VERSION = 1.1;
				PRODUCT_BUNDLE_IDENTIFIER = com.vishnu.nitpicker;
				PRODUCT_NAME = "$(TARGET_NAME)";
				REGISTER_APP_GROUPS = YES;
				SWIFT_EMIT_LOC_STRINGS = YES;
				SWIFT_VERSION = 5.0;
			};
			name = Release;
		};
		273BB1B12E1BCEFD002A75C4 /* Debug */ = {
			isa = XCBuildConfiguration;
			buildSettings = {
				BUNDLE_LOADER = "$(TEST_HOST)";
				CODE_SIGN_STYLE = Automatic;
				CURRENT_PROJECT_VERSION = 1;
				DEVELOPMENT_TEAM = KJADT2QFXN;
				GENERATE_INFOPLIST_FILE = YES;
				MACOSX_DEPLOYMENT_TARGET = 14.0;
				MARKETING_VERSION = 1.0;
				PRODUCT_BUNDLE_IDENTIFIER = com.vishnu.nitpickerTests;
				PRODUCT_NAME = "$(TARGET_NAME)";
				SWIFT_EMIT_LOC_STRINGS = NO;
				SWIFT_VERSION = 5.0;
				TEST_HOST = "$(BUILT_PRODUCTS_DIR)/nitpicker.app/$(BUNDLE_EXECUTABLE_FOLDER_PATH)/nitpicker";
			};
			name = Debug;
		};
		273BB1B22E1BCEFD002A75C4 /* Release */ = {
			isa = XCBuildConfiguration;
			buildSettings = {
				BUNDLE_LOADER = "$(TEST_HOST)";
				CODE_SIGN_STYLE = Automatic;
				CURRENT_PROJECT_VERSION = 1;
				DEVELOPMENT_TEAM = KJADT2QFXN;
				GENERATE_INFOPLIST_FILE = YES;
				MACOSX_DEPLOYMENT_TARGET = 14.0;
				MARKETING_VERSION = 1.0;
				PRODUCT_BUNDLE_IDENTIFIER = com.vishnu.nitpickerTests;
				PRODUCT_NAME = "$(TARGET_NAME)";
				SWIFT_EMIT_LOC_STRINGS = NO;
				SWIFT_VERSION = 5.0;
				TEST_HOST = "$(BUILT_PRODUCTS_DIR)/nitpicker.app/$(BUNDLE_EXECUTABLE_FOLDER_PATH)/nitpicker";
			};
			name = Release;
		};
		273BB1B42E1BCEFD002A75C4 /* Debug */ = {
			isa = XCBuildConfiguration;
			buildSettings = {
				CODE_SIGN_STYLE = Automatic;
				CURRENT_PROJECT_VERSION = 1;
				DEVELOPMENT_TEAM = KJADT2QFXN;
				GENERATE_INFOPLIST_FILE = YES;
				MARKETING_VERSION = 1.0;
				PRODUCT_BUNDLE_IDENTIFIER = com.vishnu.nitpickerUITests;
				PRODUCT_NAME = "$(TARGET_NAME)";
				SWIFT_EMIT_LOC_STRINGS = NO;
				SWIFT_VERSION = 5.0;
				TEST_TARGET_NAME = nitpicker;
			};
			name = Debug;
		};
		273BB1B52E1BCEFD002A75C4 /* Release */ = {
			isa = XCBuildConfiguration;
			buildSettings = {
				CODE_SIGN_STYLE = Automatic;
				CURRENT_PROJECT_VERSION = 1;
				DEVELOPMENT_TEAM = KJADT2QFXN;
				GENERATE_INFOPLIST_FILE = YES;
				MARKETING_VERSION = 1.0;
				PRODUCT_BUNDLE_IDENTIFIER = com.vishnu.nitpickerUITests;
				PRODUCT_NAME = "$(TARGET_NAME)";
				SWIFT_EMIT_LOC_STRINGS = NO;
				SWIFT_VERSION = 5.0;
				TEST_TARGET_NAME = nitpicker;
			};
			name = Release;
		};
/* End XCBuildConfiguration section */

/* Begin XCConfigurationList section */
		273BB1842E1BCEFB002A75C4 /* Build configuration list for PBXProject "nitpicker" */ = {
			isa = XCConfigurationList;
			buildConfigurations = (
				273BB1AB2E1BCEFD002A75C4 /* Debug */,
				273BB1AC2E1BCEFD002A75C4 /* Release */,
			);
			defaultConfigurationIsVisible = 0;
			defaultConfigurationName = Release;
		};
		273BB1AD2E1BCEFD002A75C4 /* Build configuration list for PBXNativeTarget "nitpicker" */ = {
			isa = XCConfigurationList;
			buildConfigurations = (
				273BB1AE2E1BCEFD002A75C4 /* Debug */,
				273BB1AF2E1BCEFD002A75C4 /* Release */,
			);
			defaultConfigurationIsVisible = 0;
			defaultConfigurationName = Release;
		};
		273BB1B02E1BCEFD002A75C4 /* Build configuration list for PBXNativeTarget "nitpickerTests" */ = {
			isa = XCConfigurationList;
			buildConfigurations = (
				273BB1B12E1BCEFD002A75C4 /* Debug */,
				273BB1B22E1BCEFD002A75C4 /* Release */,
			);
			defaultConfigurationIsVisible = 0;
			defaultConfigurationName = Release;
		};
		273BB1B32E1BCEFD002A75C4 /* Build configuration list for PBXNativeTarget "nitpickerUITests" */ = {
			isa = XCConfigurationList;
			buildConfigurations = (
				273BB1B42E1BCEFD002A75C4 /* Debug */,
				273BB1B52E1BCEFD002A75C4 /* Release */,
			);
			defaultConfigurationIsVisible = 0;
			defaultConfigurationName = Release;
		};
/* End XCConfigurationList section */

/* Begin XCRemoteSwiftPackageReference section */
		27222B532E1BDF520002C713 /* XCRemoteSwiftPackageReference "HotKey" */ = {
			isa = XCRemoteSwiftPackageReference;
			repositoryURL = "https://github.com/soffes/HotKey";
			requirement = {
				branch = main;
				kind = branch;
			};
		};
/* End XCRemoteSwiftPackageReference section */

/* Begin XCSwiftPackageProductDependency section */
		27222B542E1BDF520002C713 /* HotKey */ = {
			isa = XCSwiftPackageProductDependency;
			package = 27222B532E1BDF520002C713 /* XCRemoteSwiftPackageReference "HotKey" */;
			productName = HotKey;
		};
/* End XCSwiftPackageProductDependency section */
	};
	rootObject = 273BB1812E1BCEFB002A75C4 /* Project object */;
}
